# This file is generated by running "yarn install" inside your project.
# Manual changes might be lost - proceed with caution!

__metadata:
  version: 8
  cacheKey: 10c0

"@chrisdothtml/job-scraper@workspace:.":
  version: 0.0.0-use.local
  resolution: "@chrisdothtml/job-scraper@workspace:."
  dependencies:
    "@types/node": "npm:^22.18.0"
    prettier: "npm:^3.6.2"
    prettier-plugin-sh: "npm:^0.18.0"
    typescript: "npm:^5.9.2"
  languageName: unknown
  linkType: soft

"@reteps/dockerfmt@npm:^0.5.1":
  version: 0.5.2
  resolution: "@reteps/dockerfmt@npm:0.5.2"
  checksum: 10c0/c0af5dcc9c8c9d51c9eec4cfb454c85f31c760373288b9254054709b29a4accc1df10bd765712128dd173e53bfb8b880a94b0aa8b6c2d4294866d800dbdd14e1
  languageName: node
  linkType: hard

"@types/node@npm:^22.18.0":
  version: 22.19.17
  resolution: "@types/node@npm:22.19.17"
  dependencies:
    undici-types: "npm:~6.21.0"
  checksum: 10c0/b66c484c0a9f6d88b1ef360b0f487717234ee1a482cb2551ff73d9f3c43a42a777daf4c8a5eee970960728f8fe1f3877d3d8c6ffabcbca74cb401a59db700fa4
  languageName: node
  linkType: hard

"prettier-plugin-sh@npm:^0.18.0":
  version: 0.18.1
  resolution: "prettier-plugin-sh@npm:0.18.1"
  dependencies:
    "@reteps/dockerfmt": "npm:^0.5.1"
    sh-syntax: "npm:^0.5.8"
  peerDependencies:
    prettier: ^3.6.0
  checksum: 10c0/e79a8dab1b9cd966bf078b1ca4ec412d190fb905ca6bfb89f841d309ed39ecb7136901b64919e3d8e52e9233d658b64bc69203ff81384914ec90dedbcbe804da
  languageName: node
  linkType: hard

"prettier@npm:^3.6.2":
  version: 3.8.2
  resolution: "prettier@npm:3.8.2"
  bin:
    prettier: bin/prettier.cjs
  checksum: 10c0/2d64bd01d269c8dd6d8c423a2a2e1fb88230a53aac523204b327de40059ccf8bd8e6fe70b8ce6154b97ed4442e9fd878504ff8a5330f3a4f64bd13d1576f7652
  languageName: node
  linkType: hard

"sh-syntax@npm:^0.5.8":
  version: 0.5.8
  resolution: "sh-syntax@npm:0.5.8"
  dependencies:
    tslib: "npm:^2.8.1"
  checksum: 10c0/2d2609fc8760ef97175c852be26ee3eeb196078c5aec282c8b96a59ee362be4f470d3e0df4e372da6c7a7b44ccc42910cbdcb0915271b3cb6a6212d00dde116f
  languageName: node
  linkType: hard

"tslib@npm:^2.8.1":
  version: 2.8.1
  resolution: "tslib@npm:2.8.1"
  checksum: 10c0/9c4759110a19c53f992d9aae23aac5ced636e99887b51b9e61def52611732872ff7668757d4e4c61f19691e36f4da981cd9485e869b4a7408d689f6bf1f14e62
  languageName: node
  linkType: hard

"typescript@npm:^5.9.2":
  version: 5.9.3
  resolution: "typescript@npm:5.9.3"
  bin:
    tsc: bin/tsc
    tsserver: bin/tsserver
  checksum: 10c0/6bd7552ce39f97e711db5aa048f6f9995b53f1c52f7d8667c1abdc1700c68a76a308f579cd309ce6b53646deb4e9a1be7c813a93baaf0a28ccd536a30270e1c5
  languageName: node
  linkType: hard

"typescript@patch:typescript@npm%3A^5.9.2#optional!builtin<compat/typescript>":
  version: 5.9.3
  resolution: "typescript@patch:typescript@npm%3A5.9.3#optional!builtin<compat/typescript>::version=5.9.3&hash=5786d5"
  bin:
    tsc: bin/tsc
    tsserver: bin/tsserver
  checksum: 10c0/ad09fdf7a756814dce65bc60c1657b40d44451346858eea230e10f2e95a289d9183b6e32e5c11e95acc0ccc214b4f36289dcad4bf1886b0adb84d711d336a430
  languageName: node
  linkType: hard

"undici-types@npm:~6.21.0":
  version: 6.21.0
  resolution: "undici-types@npm:6.21.0"
  checksum: 10c0/c01ed51829b10aa72fc3ce64b747f8e74ae9b60eafa19a7b46ef624403508a54c526ffab06a14a26b3120d055e1104d7abe7c9017e83ced038ea5cf52f8d5e04
  languageName: node
  linkType: hard
